{
  "pins" : [
    {
      "identity" : "ios-places-sdk",
      "kind" : "remoteSourceControl",
      "location" : "https://github.com/googlemaps/ios-places-sdk",
      "state" : {
        "revision" : "1737dc600c80eaeaf9b0cf0d25522b8ead713d60",
        "version" : "9.2.0"
      }
    }
  ],
  "version" : 2
}
